
Microsoft Visual Studio Solution File, Format Version 12.00
# Visual Studio Version 17
VisualStudioVersion = 17.10.35013.160
MinimumVisualStudioVersion = 10.0.40219.1
Project("{FAE04EC0-301F-11D3-BF4B-00C04F79EFBC}") = "EmailSenderApp", "EmailSenderApp\EmailSenderApp.csproj", "{9E1953CC-27C4-4B12-ADA2-5E2C3D4EB545}"
EndProject
Global
	GlobalSection(SolutionConfigurationPlatforms) = preSolution
		Debug|Any CPU = Debug|Any CPU
		Release|Any CPU = Release|Any CPU
	EndGlobalSection
	GlobalSection(ProjectConfigurationPlatforms) = postSolution
		{9E1953CC-27C4-4B12-ADA2-5E2C3D4EB545}.Debug|Any CPU.ActiveCfg = Debug|Any CPU
		{9E1953CC-27C4-4B12-ADA2-5E2C3D4EB545}.Debug|Any CPU.Build.0 = Debug|Any CPU
		{9E1953CC-27C4-4B12-ADA2-5E2C3D4EB545}.Release|Any CPU.ActiveCfg = Release|Any CPU
		{9E1953CC-27C4-4B12-ADA2-5E2C3D4EB545}.Release|Any CPU.Build.0 = Release|Any CPU
	EndGlobalSection
	GlobalSection(SolutionProperties) = preSolution
		HideSolutionNode = FALSE
	EndGlobalSection
	GlobalSection(ExtensibilityGlobals) = postSolution
		SolutionGuid = {2E2FE177-B6E3-44C9-8B2F-D999301AC13F}
	EndGlobalSection
EndGlobal
